
Microsoft Visual Studio Solution File, Format Version 12.00
# Visual Studio 15
VisualStudioVersion = 15.0.27428.2011
MinimumVisualStudioVersion = 10.0.40219.1
Project("{FAE04EC0-301F-11D3-BF4B-00C04F79EFBC}") = "Launcher", "Launcher\Launcher.csproj", "{1BDB18BA-1B02-40C2-BF21-9A239A4CA751}"
EndProject
Project("{FAE04EC0-301F-11D3-BF4B-00C04F79EFBC}") = "ManifestTool", "ManifestTool\ManifestTool.csproj", "{2DDEA3EA-64ED-4E00-A691-3476D34263F2}"
EndProject
Global
	GlobalSection(SolutionConfigurationPlatforms) = preSolution
		Debug|Any CPU = Debug|Any CPU
		Debug|x64 = Debug|x64
		Debug|x86 = Debug|x86
		Release|Any CPU = Release|Any CPU
		Release|x64 = Release|x64
		Release|x86 = Release|x86
	EndGlobalSection
	GlobalSection(ProjectConfigurationPlatforms) = postSolution
		{1BDB18BA-1B02-40C2-BF21-9A239A4CA751}.Debug|Any CPU.ActiveCfg = Debug|Any CPU
		{1BDB18BA-1B02-40C2-BF21-9A239A4CA751}.Debug|Any CPU.Build.0 = Debug|Any CPU
		{1BDB18BA-1B02-40C2-BF21-9A239A4CA751}.Debug|x64.ActiveCfg = Debug|Any CPU
		{1BDB18BA-1B02-40C2-BF21-9A239A4CA751}.Debug|x64.Build.0 = Debug|Any CPU
		{1BDB18BA-1B02-40C2-BF21-9A239A4CA751}.Debug|x86.ActiveCfg = Debug|Any CPU
		{1BDB18BA-1B02-40C2-BF21-9A239A4CA751}.Debug|x86.Build.0 = Debug|Any CPU
		{1BDB18BA-1B02-40C2-BF21-9A239A4CA751}.Release|Any CPU.ActiveCfg = Release|Any CPU
		{1BDB18BA-1B02-40C2-BF21-9A239A4CA751}.Release|Any CPU.Build.0 = Release|Any CPU
		{1BDB18BA-1B02-40C2-BF21-9A239A4CA751}.Release|x64.ActiveCfg = Release|Any CPU
		{1BDB18BA-1B02-40C2-BF21-9A239A4CA751}.Release|x64.Build.0 = Release|Any CPU
		{1BDB18BA-1B02-40C2-BF21-9A239A4CA751}.Release|x86.ActiveCfg = Release|Any CPU
		{1BDB18BA-1B02-40C2-BF21-9A239A4CA751}.Release|x86.Build.0 = Release|Any CPU
		{2DDEA3EA-64ED-4E00-A691-3476D34263F2}.Debug|Any CPU.ActiveCfg = Debug|Any CPU
		{2DDEA3EA-64ED-4E00-A691-3476D34263F2}.Debug|Any CPU.Build.0 = Debug|Any CPU
		{2DDEA3EA-64ED-4E00-A691-3476D34263F2}.Debug|x64.ActiveCfg = Debug|Any CPU
		{2DDEA3EA-64ED-4E00-A691-3476D34263F2}.Debug|x64.Build.0 = Debug|Any CPU
		{2DDEA3EA-64ED-4E00-A691-3476D34263F2}.Debug|x86.ActiveCfg = Debug|Any CPU
		{2DDEA3EA-64ED-4E00-A691-3476D34263F2}.Debug|x86.Build.0 = Debug|Any CPU
		{2DDEA3EA-64ED-4E00-A691-3476D34263F2}.Release|Any CPU.ActiveCfg = Release|Any CPU
		{2DDEA3EA-64ED-4E00-A691-3476D34263F2}.Release|Any CPU.Build.0 = Release|Any CPU
		{2DDEA3EA-64ED-4E00-A691-3476D34263F2}.Release|x64.ActiveCfg = Release|Any CPU
		{2DDEA3EA-64ED-4E00-A691-3476D34263F2}.Release|x64.Build.0 = Release|Any CPU
		{2DDEA3EA-64ED-4E00-A691-3476D34263F2}.Release|x86.ActiveCfg = Release|Any CPU
		{2DDEA3EA-64ED-4E00-A691-3476D34263F2}.Release|x86.Build.0 = Release|Any CPU
	EndGlobalSection
	GlobalSection(SolutionProperties) = preSolution
		HideSolutionNode = FALSE
	EndGlobalSection
	GlobalSection(ExtensibilityGlobals) = postSolution
		SolutionGuid = {C1ABC3E0-86C2-4A21-ABBA-59941A3FEB18}
	EndGlobalSection
EndGlobal
